
Microsoft Visual Studio Solution File, Format Version 12.00
# Visual Studio 15
VisualStudioVersion = 15.0.28306.52
MinimumVisualStudioVersion = 10.0.40219.1
Project("{FAE04EC0-301F-11D3-BF4B-00C04F79EFBC}") = "CachingDemo", "CachingDemo\CachingDemo.csproj", "{B5874AD4-3BD4-4E7C-9CE5-7E300340B994}"
EndProject
Project("{FAE04EC0-301F-11D3-BF4B-00C04F79EFBC}") = "CachingDemoTests", "CachingDemoTests\CachingDemoTests.csproj", "{03DC1F7E-2EE7-4A36-A597-E305753D7E97}"
EndProject
Global
	GlobalSection(SolutionConfigurationPlatforms) = preSolution
		Debug|Any CPU = Debug|Any CPU
		Release|Any CPU = Release|Any CPU
	EndGlobalSection
	GlobalSection(ProjectConfigurationPlatforms) = postSolution
		{B5874AD4-3BD4-4E7C-9CE5-7E300340B994}.Debug|Any CPU.ActiveCfg = Debug|Any CPU
		{B5874AD4-3BD4-4E7C-9CE5-7E300340B994}.Debug|Any CPU.Build.0 = Debug|Any CPU
		{B5874AD4-3BD4-4E7C-9CE5-7E300340B994}.Release|Any CPU.ActiveCfg = Release|Any CPU
		{B5874AD4-3BD4-4E7C-9CE5-7E300340B994}.Release|Any CPU.Build.0 = Release|Any CPU
		{03DC1F7E-2EE7-4A36-A597-E305753D7E97}.Debug|Any CPU.ActiveCfg = Debug|Any CPU
		{03DC1F7E-2EE7-4A36-A597-E305753D7E97}.Debug|Any CPU.Build.0 = Debug|Any CPU
		{03DC1F7E-2EE7-4A36-A597-E305753D7E97}.Release|Any CPU.ActiveCfg = Release|Any CPU
		{03DC1F7E-2EE7-4A36-A597-E305753D7E97}.Release|Any CPU.Build.0 = Release|Any CPU
	EndGlobalSection
	GlobalSection(SolutionProperties) = preSolution
		HideSolutionNode = FALSE
	EndGlobalSection
	GlobalSection(ExtensibilityGlobals) = postSolution
		SolutionGuid = {B48A274A-26B6-476A-919A-4799FB2B5B80}
	EndGlobalSection
EndGlobal
